
Microsoft Visual Studio Solution File, Format Version 12.00
# Visual Studio Version 17
VisualStudioVersion = 17.7.34221.43
MinimumVisualStudioVersion = 10.0.40219.1
Project("{FAE04EC0-301F-11D3-BF4B-00C04F79EFBC}") = "calculadora gasolina etanol", "calculadora gasolina etanol.csproj", "{BA823EA4-5098-4A35-B848-AFFADB721809}"
EndProject
Global
	GlobalSection(SolutionConfigurationPlatforms) = preSolution
		Debug|Any CPU = Debug|Any CPU
		Release|Any CPU = Release|Any CPU
	EndGlobalSection
	GlobalSection(ProjectConfigurationPlatforms) = postSolution
		{BA823EA4-5098-4A35-B848-AFFADB721809}.Debug|Any CPU.ActiveCfg = Debug|Any CPU
		{BA823EA4-5098-4A35-B848-AFFADB721809}.Debug|Any CPU.Build.0 = Debug|Any CPU
		{BA823EA4-5098-4A35-B848-AFFADB721809}.Release|Any CPU.ActiveCfg = Release|Any CPU
		{BA823EA4-5098-4A35-B848-AFFADB721809}.Release|Any CPU.Build.0 = Release|Any CPU
	EndGlobalSection
	GlobalSection(SolutionProperties) = preSolution
		HideSolutionNode = FALSE
	EndGlobalSection
	GlobalSection(ExtensibilityGlobals) = postSolution
		SolutionGuid = {F699069D-611C-4A27-BD29-82594E2588CB}
	EndGlobalSection
EndGlobal
